<?xml version="1.0" encoding="utf-8"?>
<Project xmlns="http://schemas.microsoft.com/developer/msbuild/2003">
  <ItemGroup>
    <Filter Include="Generated Files">
      <UniqueIdentifier>{71ED8ED8-ACB9-4CE9-BBE1-E00B30144E11}</UniqueIdentifier>
      <Extensions>cpp;c;cxx;moc;h;def;odl;idl;res;</Extensions>
    </Filter>
    <Filter Include="Generated Files">
      <UniqueIdentifier>{71ED8ED8-ACB9-4CE9-BBE1-E00B30144E11}</UniqueIdentifier>
      <Extensions>cpp;c;cxx;moc;h;def;odl;idl;res;</Extensions>
    </Filter>
    <Filter Include="Resource Files">
      <UniqueIdentifier>{D9D6E242-F8AF-46E4-B9FD-80ECBC20BA3E}</UniqueIdentifier>
      <Extensions>qrc;*</Extensions>
      <ParseFiles>false</ParseFiles>
    </Filter>
    <Filter Include="Resource Files">
      <UniqueIdentifier>{D9D6E242-F8AF-46E4-B9FD-80ECBC20BA3E}</UniqueIdentifier>
      <Extensions>qrc;*</Extensions>
      <ParseFiles>false</ParseFiles>
    </Filter>
    <Filter Include="Source Files">
      <UniqueIdentifier>{4FC737F1-C7A5-4376-A066-2A32D752A2FF}</UniqueIdentifier>
      <Extensions>cpp;c;cxx;def;odl;idl;hpj;bat;asm;asmx</Extensions>
    </Filter>
    <Filter Include="Source Files">
      <UniqueIdentifier>{4FC737F1-C7A5-4376-A066-2A32D752A2FF}</UniqueIdentifier>
      <Extensions>cpp;c;cxx;def;odl;idl;hpj;bat;asm;asmx</Extensions>
    </Filter>
    <Filter Include="Header Files">
      <UniqueIdentifier>{ac2fd5f4-63aa-423b-a3c2-fba63e6c6843}</UniqueIdentifier>
    </Filter>
    <Filter Include="Resource Files\UI">
      <UniqueIdentifier>{9e9def8e-b9b5-4def-88e0-7142af0ed2a6}</UniqueIdentifier>
    </Filter>
    <Filter Include="Source Files\Core">
      <UniqueIdentifier>{5750d3d0-6b3f-40be-892a-574683e3ec2d}</UniqueIdentifier>
    </Filter>
    <Filter Include="Header Files\Core">
      <UniqueIdentifier>{07965d9c-2e71-4d9b-9571-a44befd41742}</UniqueIdentifier>
    </Filter>
    <Filter Include="Documents">
      <UniqueIdentifier>{210bba4e-662d-40c5-9cd2-2f6b478bb085}</UniqueIdentifier>
    </Filter>
    <Filter Include="Source Files\Common">
      <UniqueIdentifier>{b4de1678-91a0-4bd9-ac0c-d29a11a920aa}</UniqueIdentifier>
    </Filter>
    <Filter Include="Header Files\Common">
      <UniqueIdentifier>{c039c5a5-cd38-4900-9cb2-5fc7c8583be9}</UniqueIdentifier>
    </Filter>
    <Filter Include="Header Files\Models">
      <UniqueIdentifier>{48e110b9-b4dc-4e62-bd52-5e4a9c16b2ab}</UniqueIdentifier>
    </Filter>
    <Filter Include="Source Files\Models">
      <UniqueIdentifier>{c7f9cdfd-c756-4969-a797-29391122ed27}</UniqueIdentifier>
    </Filter>
  </ItemGroup>
  <ItemGroup>
    <ClCompile Include="main.cpp">
      <Filter>Source Files</Filter>
    </ClCompile>
    <ClCompile Include="Classes\Core\RPM_Attribute.cpp">
      <Filter>Source Files\Core</Filter>
    </ClCompile>
    <ClCompile Include="Classes\Core\RPM_Element.cpp">
      <Filter>Source Files\Core</Filter>
    </ClCompile>
    <ClCompile Include="Classes\Core\RPM_Document.cpp">
      <Filter>Source Files\Core</Filter>
    </ClCompile>
    <ClCompile Include="Classes\Core\RPM_Page.cpp">
      <Filter>Source Files\Core</Filter>
    </ClCompile>
    <ClCompile Include="RPM_Application.cpp">
      <Filter>Source Files</Filter>
    </ClCompile>
    <ClCompile Include="Classes\Common\RPM_StringHelper.cpp">
      <Filter>Source Files\Common</Filter>
    </ClCompile>
    <ClCompile Include="Classes\Common\RPM_Logger.cpp">
      <Filter>Source Files\Common</Filter>
    </ClCompile>
    <ClCompile Include="Classes\Common\RPM_TimeHelper.cpp">
      <Filter>Source Files\Common</Filter>
    </ClCompile>
    <ClCompile Include="Classes\Common\RPM_Version.cpp">
      <Filter>Source Files\Common</Filter>
    </ClCompile>
    <ClCompile Include="RPM_GlobalSettings.cpp">
      <Filter>Source Files</Filter>
    </ClCompile>
    <ClCompile Include="Classes\Common\RPM_Exception.cpp">
      <Filter>Source Files\Common</Filter>
    </ClCompile>
    <ClCompile Include="Classes\Common\RPM_Buffer.cpp">
      <Filter>Source Files\Common</Filter>
    </ClCompile>
    <ClCompile Include="Classes\Common\RPM_FileBuffer.cpp">
      <Filter>Source Files\Common</Filter>
    </ClCompile>
    <ClCompile Include="Classes\Common\RPM_MemoryBuffer.cpp">
      <Filter>Source Files\Common</Filter>
    </ClCompile>
    <ClCompile Include="Classes\Common\RPM_StdFileBuffer.cpp">
      <Filter>Source Files\Common</Filter>
    </ClCompile>
    <ClCompile Include="Classes\Core\RPM_Symbol.cpp">
      <Filter>Source Files\Core</Filter>
    </ClCompile>
    <ClCompile Include="Classes\Core\RPM_ProcedureSymbol.cpp">
      <Filter>Source Files\Core</Filter>
    </ClCompile>
    <ClCompile Include="Classes\Models\RPM_ProcedureSymbolModel.cpp">
      <Filter>Source Files\Models</Filter>
    </ClCompile>
    <ClCompile Include="Classes\Common\RPM_FileHelper.cpp">
      <Filter>Source Files\Common</Filter>
    </ClCompile>
  </ItemGroup>
  <ItemGroup>
    <CustomBuild Include="debug\moc_predefs.h.cbt">
      <Filter>Generated Files</Filter>
    </CustomBuild>
    <CustomBuild Include="release\moc_predefs.h.cbt">
      <Filter>Generated Files</Filter>
    </CustomBuild>
  </ItemGroup>
  <ItemGroup>
    <QtRcc Include="qml.qrc">
      <Filter>Resource Files</Filter>
    </QtRcc>
  </ItemGroup>
  <ItemGroup>
    <ClInclude Include="Classes\Core\RPM_Attribute.h">
      <Filter>Header Files\Core</Filter>
    </ClInclude>
    <ClInclude Include="Classes\Core\RPM_Element.h">
      <Filter>Header Files\Core</Filter>
    </ClInclude>
    <ClInclude Include="Classes\Core\RPM_Document.h">
      <Filter>Header Files\Core</Filter>
    </ClInclude>
    <ClInclude Include="Classes\Core\RPM_Page.h">
      <Filter>Header Files\Core</Filter>
    </ClInclude>
    <ClInclude Include="RPM_Application.h">
      <Filter>Header Files</Filter>
    </ClInclude>
    <ClInclude Include="Classes\Common\RPM_StringHelper.h">
      <Filter>Header Files\Common</Filter>
    </ClInclude>
    <ClInclude Include="Classes\Common\RPM_Logger.h">
      <Filter>Header Files\Common</Filter>
    </ClInclude>
    <ClInclude Include="Classes\Common\RPM_TimeHelper.h">
      <Filter>Header Files\Common</Filter>
    </ClInclude>
    <ClInclude Include="Classes\Common\RPM_Version.h">
      <Filter>Header Files\Common</Filter>
    </ClInclude>
    <ClInclude Include="RPM_GlobalSettings.h">
      <Filter>Header Files</Filter>
    </ClInclude>
    <ClInclude Include="Classes\Common\RPM_Exception.h">
      <Filter>Header Files\Common</Filter>
    </ClInclude>
    <ClInclude Include="Classes\Common\RPM_Buffer.h">
      <Filter>Header Files\Common</Filter>
    </ClInclude>
    <ClInclude Include="Classes\Common\RPM_FileBuffer.h">
      <Filter>Header Files\Common</Filter>
    </ClInclude>
    <ClInclude Include="Classes\Common\RPM_MemoryBuffer.h">
      <Filter>Header Files\Common</Filter>
    </ClInclude>
    <ClInclude Include="Classes\Common\RPM_StdFileBuffer.h">
      <Filter>Header Files\Common</Filter>
    </ClInclude>
    <ClInclude Include="Classes\Core\RPM_Symbol.h">
      <Filter>Header Files\Core</Filter>
    </ClInclude>
    <ClInclude Include="Classes\Core\RPM_ProcedureSymbol.h">
      <Filter>Header Files\Core</Filter>
    </ClInclude>
    <ClInclude Include="Classes\Models\RPM_ProcedureSymbolModel.h">
      <Filter>Header Files\Models</Filter>
    </ClInclude>
    <ClInclude Include="Classes\Common\RPM_FileHelper.h">
      <Filter>Header Files\Common</Filter>
    </ClInclude>
  </ItemGroup>
  <ItemGroup>
    <Text Include="CodeConvention.txt">
      <Filter>Documents</Filter>
    </Text>
  </ItemGroup>
  <ItemGroup>
    <None Include="UI\RPM_Main.qml">
      <Filter>Resource Files\UI</Filter>
    </None>
    <None Include="UI\RPM_ProcedureSymbol.qml">
      <Filter>Resource Files\UI</Filter>
    </None>
    <None Include="UI\RPM_Handle.qml">
      <Filter>Resource Files\UI</Filter>
    </None>
    <None Include="UI\RPM_Edit.qml">
      <Filter>Resource Files\UI</Filter>
    </None>
    <None Include="UI\RPM_HandlesControl.qml">
      <Filter>Resource Files\UI</Filter>
    </None>
  </ItemGroup>
</Project>