<?xml version="1.0" encoding="utf-8"?>
<Project xmlns="http://schemas.microsoft.com/developer/msbuild/2003">
  <ItemGroup>
    <Filter Include="Generated Files">
      <UniqueIdentifier>{71ED8ED8-ACB9-4CE9-BBE1-E00B30144E11}</UniqueIdentifier>
      <Extensions>cpp;c;cxx;moc;h;def;odl;idl;res;</Extensions>
    </Filter>
    <Filter Include="Generated Files">
      <UniqueIdentifier>{71ED8ED8-ACB9-4CE9-BBE1-E00B30144E11}</UniqueIdentifier>
      <Extensions>cpp;c;cxx;moc;h;def;odl;idl;res;</Extensions>
    </Filter>
    <Filter Include="Resource Files">
      <UniqueIdentifier>{D9D6E242-F8AF-46E4-B9FD-80ECBC20BA3E}</UniqueIdentifier>
      <Extensions>qrc;*</Extensions>
      <ParseFiles>false</ParseFiles>
    </Filter>
    <Filter Include="Resource Files">
      <UniqueIdentifier>{D9D6E242-F8AF-46E4-B9FD-80ECBC20BA3E}</UniqueIdentifier>
      <Extensions>qrc;*</Extensions>
      <ParseFiles>false</ParseFiles>
    </Filter>
    <Filter Include="Source Files">
      <UniqueIdentifier>{4FC737F1-C7A5-4376-A066-2A32D752A2FF}</UniqueIdentifier>
      <Extensions>cpp;c;cxx;def;odl;idl;hpj;bat;asm;asmx</Extensions>
    </Filter>
    <Filter Include="Source Files">
      <UniqueIdentifier>{4FC737F1-C7A5-4376-A066-2A32D752A2FF}</UniqueIdentifier>
      <Extensions>cpp;c;cxx;def;odl;idl;hpj;bat;asm;asmx</Extensions>
    </Filter>
    <Filter Include="Header Files">
      <UniqueIdentifier>{ac2fd5f4-63aa-423b-a3c2-fba63e6c6843}</UniqueIdentifier>
    </Filter>
    <Filter Include="Resource Files\UI">
      <UniqueIdentifier>{9e9def8e-b9b5-4def-88e0-7142af0ed2a6}</UniqueIdentifier>
    </Filter>
    <Filter Include="Source Files\Core">
      <UniqueIdentifier>{5750d3d0-6b3f-40be-892a-574683e3ec2d}</UniqueIdentifier>
    </Filter>
    <Filter Include="Header Files\Core">
      <UniqueIdentifier>{07965d9c-2e71-4d9b-9571-a44befd41742}</UniqueIdentifier>
    </Filter>
    <Filter Include="Documents">
      <UniqueIdentifier>{210bba4e-662d-40c5-9cd2-2f6b478bb085}</UniqueIdentifier>
    </Filter>
    <Filter Include="Source Files\Common">
      <UniqueIdentifier>{b4de1678-91a0-4bd9-ac0c-d29a11a920aa}</UniqueIdentifier>
    </Filter>
    <Filter Include="Header Files\Common">
      <UniqueIdentifier>{c039c5a5-cd38-4900-9cb2-5fc7c8583be9}</UniqueIdentifier>
    </Filter>
    <Filter Include="Third-Party">
      <UniqueIdentifier>{62258bc8-275a-4d4b-a828-ba9a86e6fb7a}</UniqueIdentifier>
    </Filter>
    <Filter Include="Third-Party\RapidJSON">
      <UniqueIdentifier>{eaa0faf1-9388-4be5-9164-a304e9d7d008}</UniqueIdentifier>
    </Filter>
    <Filter Include="Third-Party\RapidJSON\error">
      <UniqueIdentifier>{f58607e4-5d47-4532-9147-d3b484034bf8}</UniqueIdentifier>
    </Filter>
    <Filter Include="Third-Party\RapidJSON\internal">
      <UniqueIdentifier>{464f537e-f940-4f2f-9e0d-2292a4e151f3}</UniqueIdentifier>
    </Filter>
    <Filter Include="Third-Party\RapidJSON\msinttypes">
      <UniqueIdentifier>{ada65912-bfb9-4b2c-abdb-1ff916b75b87}</UniqueIdentifier>
    </Filter>
    <Filter Include="Resource Files\Resources">
      <UniqueIdentifier>{e04e9f4e-7be3-418d-90c1-07ce98e2262e}</UniqueIdentifier>
    </Filter>
    <Filter Include="Resource Files\Resources\Images">
      <UniqueIdentifier>{0908b82c-574f-49d0-8b9c-6ab2a694d056}</UniqueIdentifier>
    </Filter>
    <Filter Include="Third-Party\stduuid">
      <UniqueIdentifier>{2dd289ef-c52c-4cbb-a25c-e458ef218606}</UniqueIdentifier>
    </Filter>
    <Filter Include="Third-Party\stduuid\include">
      <UniqueIdentifier>{ef59256d-a3ad-4a61-9f02-8efd7a5ba86b}</UniqueIdentifier>
    </Filter>
    <Filter Include="Third-Party\stduuid\gsl">
      <UniqueIdentifier>{9bbe1303-4448-4be5-af36-dcec039df87a}</UniqueIdentifier>
    </Filter>
    <Filter Include="Resource Files\UI\js">
      <UniqueIdentifier>{dc6270d3-b3e7-4a5a-a75f-039311f4967d}</UniqueIdentifier>
    </Filter>
    <Filter Include="Header Files\Qt">
      <UniqueIdentifier>{7fb88fd2-d7b1-4d05-ae7f-bf7cae159d79}</UniqueIdentifier>
    </Filter>
    <Filter Include="Source Files\Qt">
      <UniqueIdentifier>{9ec4a115-c428-4b63-aa1f-b6c1c7f8a015}</UniqueIdentifier>
    </Filter>
  </ItemGroup>
  <ItemGroup>
    <ClCompile Include="main.cpp">
      <Filter>Source Files</Filter>
    </ClCompile>
    <ClCompile Include="TSP_Application.cpp">
      <Filter>Source Files</Filter>
    </ClCompile>
    <ClCompile Include="TSP_GlobalSettings.cpp">
      <Filter>Source Files</Filter>
    </ClCompile>
    <ClCompile Include="Classes\Common\TSP_Buffer.cpp">
      <Filter>Source Files\Common</Filter>
    </ClCompile>
    <ClCompile Include="Classes\Common\TSP_Exception.cpp">
      <Filter>Source Files\Common</Filter>
    </ClCompile>
    <ClCompile Include="Classes\Common\TSP_FileBuffer.cpp">
      <Filter>Source Files\Common</Filter>
    </ClCompile>
    <ClCompile Include="Classes\Common\TSP_FileHelper.cpp">
      <Filter>Source Files\Common</Filter>
    </ClCompile>
    <ClCompile Include="Classes\Common\TSP_Logger.cpp">
      <Filter>Source Files\Common</Filter>
    </ClCompile>
    <ClCompile Include="Classes\Common\TSP_MemoryBuffer.cpp">
      <Filter>Source Files\Common</Filter>
    </ClCompile>
    <ClCompile Include="Classes\Common\TSP_StdFileBuffer.cpp">
      <Filter>Source Files\Common</Filter>
    </ClCompile>
    <ClCompile Include="Classes\Common\TSP_StringHelper.cpp">
      <Filter>Source Files\Common</Filter>
    </ClCompile>
    <ClCompile Include="Classes\Common\TSP_TimeHelper.cpp">
      <Filter>Source Files\Common</Filter>
    </ClCompile>
    <ClCompile Include="Classes\Common\TSP_Version.cpp">
      <Filter>Source Files\Common</Filter>
    </ClCompile>
    <ClCompile Include="Classes\Core\TSP_Attribute.cpp">
      <Filter>Source Files\Core</Filter>
    </ClCompile>
    <ClCompile Include="Classes\Core\TSP_Document.cpp">
      <Filter>Source Files\Core</Filter>
    </ClCompile>
    <ClCompile Include="Classes\Core\TSP_Page.cpp">
      <Filter>Source Files\Core</Filter>
    </ClCompile>
    <ClCompile Include="Classes\Common\TSP_JsonHelper.cpp">
      <Filter>Source Files\Common</Filter>
    </ClCompile>
    <ClCompile Include="Classes\Core\TSP_Atlas.cpp">
      <Filter>Source Files\Core</Filter>
    </ClCompile>
    <ClCompile Include="Classes\Core\TSP_Activity.cpp">
      <Filter>Source Files\Core</Filter>
    </ClCompile>
    <ClCompile Include="TSP_MainFormModel.cpp">
      <Filter>Source Files</Filter>
    </ClCompile>
    <ClCompile Include="Classes\Core\TSP_Box.cpp">
      <Filter>Source Files\Core</Filter>
    </ClCompile>
    <ClCompile Include="Classes\Core\TSP_Message.cpp">
      <Filter>Source Files\Core</Filter>
    </ClCompile>
    <ClCompile Include="Classes\Core\TSP_Component.cpp">
      <Filter>Source Files\Core</Filter>
    </ClCompile>
    <ClCompile Include="Classes\Core\TSP_Item.cpp">
      <Filter>Source Files\Core</Filter>
    </ClCompile>
    <ClCompile Include="Classes\QT\TSP_QmlActivity.cpp">
      <Filter>Source Files\Qt</Filter>
    </ClCompile>
    <ClCompile Include="Classes\QT\TSP_QmlAtlas.cpp">
      <Filter>Source Files\Qt</Filter>
    </ClCompile>
    <ClCompile Include="Classes\QT\TSP_QmlDocument.cpp">
      <Filter>Source Files\Qt</Filter>
    </ClCompile>
    <ClCompile Include="Classes\QT\TSP_QmlPage.cpp">
      <Filter>Source Files\Qt</Filter>
    </ClCompile>
    <ClCompile Include="Classes\Qt\TSP_QmlDocumentModel.cpp">
      <Filter>Source Files\Qt</Filter>
    </ClCompile>
    <ClCompile Include="Classes\Qt\TSP_QmlBoxProxy.cpp">
      <Filter>Source Files\Qt</Filter>
    </ClCompile>
    <ClCompile Include="Classes\Qt\TSP_QmlLinkProxy.cpp">
      <Filter>Source Files\Qt</Filter>
    </ClCompile>
    <ClCompile Include="Classes\Qt\TSP_QmlPageProxy.cpp">
      <Filter>Source Files\Qt</Filter>
    </ClCompile>
    <ClCompile Include="Classes\Qt\TSP_QmlProxy.cpp">
      <Filter>Source Files\Qt</Filter>
    </ClCompile>
    <ClCompile Include="Classes\Core\TSP_Link.cpp">
      <Filter>Source Files\Core</Filter>
    </ClCompile>
    <ClCompile Include="Classes\Qt\TSP_QmlAtlasProxy.cpp">
      <Filter>Source Files\Qt</Filter>
    </ClCompile>
    <ClCompile Include="Classes\Qt\TSP_QmlProxyDictionary.cpp">
      <Filter>Source Files\Qt</Filter>
    </ClCompile>
    <ClCompile Include="Classes\Common\TSP_GlobalMacros.cpp">
      <Filter>Source Files\Common</Filter>
    </ClCompile>
    <ClCompile Include="TSP_PageListModel.cpp">
      <Filter>Source Files</Filter>
    </ClCompile>
  </ItemGroup>
  <ItemGroup>
    <CustomBuild Include="debug\moc_predefs.h.cbt">
      <Filter>Generated Files</Filter>
    </CustomBuild>
    <CustomBuild Include="release\moc_predefs.h.cbt">
      <Filter>Generated Files</Filter>
    </CustomBuild>
  </ItemGroup>
  <ItemGroup>
    <QtRcc Include="qml.qrc">
      <Filter>Resource Files</Filter>
    </QtRcc>
  </ItemGroup>
  <ItemGroup>
    <ClInclude Include="Third-Party\RapidJSON\include\rapidjson\allocators.h">
      <Filter>Third-Party\RapidJSON</Filter>
    </ClInclude>
    <ClInclude Include="Third-Party\RapidJSON\include\rapidjson\cursorstreamwrapper.h">
      <Filter>Third-Party\RapidJSON</Filter>
    </ClInclude>
    <ClInclude Include="Third-Party\RapidJSON\include\rapidjson\document.h">
      <Filter>Third-Party\RapidJSON</Filter>
    </ClInclude>
    <ClInclude Include="Third-Party\RapidJSON\include\rapidjson\encodedstream.h">
      <Filter>Third-Party\RapidJSON</Filter>
    </ClInclude>
    <ClInclude Include="Third-Party\RapidJSON\include\rapidjson\encodings.h">
      <Filter>Third-Party\RapidJSON</Filter>
    </ClInclude>
    <ClInclude Include="Third-Party\RapidJSON\include\rapidjson\filereadstream.h">
      <Filter>Third-Party\RapidJSON</Filter>
    </ClInclude>
    <ClInclude Include="Third-Party\RapidJSON\include\rapidjson\filewritestream.h">
      <Filter>Third-Party\RapidJSON</Filter>
    </ClInclude>
    <ClInclude Include="Third-Party\RapidJSON\include\rapidjson\fwd.h">
      <Filter>Third-Party\RapidJSON</Filter>
    </ClInclude>
    <ClInclude Include="Third-Party\RapidJSON\include\rapidjson\istreamwrapper.h">
      <Filter>Third-Party\RapidJSON</Filter>
    </ClInclude>
    <ClInclude Include="Third-Party\RapidJSON\include\rapidjson\memorybuffer.h">
      <Filter>Third-Party\RapidJSON</Filter>
    </ClInclude>
    <ClInclude Include="Third-Party\RapidJSON\include\rapidjson\memorystream.h">
      <Filter>Third-Party\RapidJSON</Filter>
    </ClInclude>
    <ClInclude Include="Third-Party\RapidJSON\include\rapidjson\ostreamwrapper.h">
      <Filter>Third-Party\RapidJSON</Filter>
    </ClInclude>
    <ClInclude Include="Third-Party\RapidJSON\include\rapidjson\pointer.h">
      <Filter>Third-Party\RapidJSON</Filter>
    </ClInclude>
    <ClInclude Include="Third-Party\RapidJSON\include\rapidjson\prettywriter.h">
      <Filter>Third-Party\RapidJSON</Filter>
    </ClInclude>
    <ClInclude Include="Third-Party\RapidJSON\include\rapidjson\rapidjson.h">
      <Filter>Third-Party\RapidJSON</Filter>
    </ClInclude>
    <ClInclude Include="Third-Party\RapidJSON\include\rapidjson\reader.h">
      <Filter>Third-Party\RapidJSON</Filter>
    </ClInclude>
    <ClInclude Include="Third-Party\RapidJSON\include\rapidjson\schema.h">
      <Filter>Third-Party\RapidJSON</Filter>
    </ClInclude>
    <ClInclude Include="Third-Party\RapidJSON\include\rapidjson\stream.h">
      <Filter>Third-Party\RapidJSON</Filter>
    </ClInclude>
    <ClInclude Include="Third-Party\RapidJSON\include\rapidjson\stringbuffer.h">
      <Filter>Third-Party\RapidJSON</Filter>
    </ClInclude>
    <ClInclude Include="Third-Party\RapidJSON\include\rapidjson\uri.h">
      <Filter>Third-Party\RapidJSON</Filter>
    </ClInclude>
    <ClInclude Include="Third-Party\RapidJSON\include\rapidjson\writer.h">
      <Filter>Third-Party\RapidJSON</Filter>
    </ClInclude>
    <ClInclude Include="Third-Party\RapidJSON\include\rapidjson\error\en.h">
      <Filter>Third-Party\RapidJSON\error</Filter>
    </ClInclude>
    <ClInclude Include="Third-Party\RapidJSON\include\rapidjson\error\error.h">
      <Filter>Third-Party\RapidJSON\error</Filter>
    </ClInclude>
    <ClInclude Include="Third-Party\RapidJSON\include\rapidjson\internal\biginteger.h">
      <Filter>Third-Party\RapidJSON\internal</Filter>
    </ClInclude>
    <ClInclude Include="Third-Party\RapidJSON\include\rapidjson\internal\clzll.h">
      <Filter>Third-Party\RapidJSON\internal</Filter>
    </ClInclude>
    <ClInclude Include="Third-Party\RapidJSON\include\rapidjson\internal\diyfp.h">
      <Filter>Third-Party\RapidJSON\internal</Filter>
    </ClInclude>
    <ClInclude Include="Third-Party\RapidJSON\include\rapidjson\internal\dtoa.h">
      <Filter>Third-Party\RapidJSON\internal</Filter>
    </ClInclude>
    <ClInclude Include="Third-Party\RapidJSON\include\rapidjson\internal\ieee754.h">
      <Filter>Third-Party\RapidJSON\internal</Filter>
    </ClInclude>
    <ClInclude Include="Third-Party\RapidJSON\include\rapidjson\internal\itoa.h">
      <Filter>Third-Party\RapidJSON\internal</Filter>
    </ClInclude>
    <ClInclude Include="Third-Party\RapidJSON\include\rapidjson\internal\meta.h">
      <Filter>Third-Party\RapidJSON\internal</Filter>
    </ClInclude>
    <ClInclude Include="Third-Party\RapidJSON\include\rapidjson\internal\pow10.h">
      <Filter>Third-Party\RapidJSON\internal</Filter>
    </ClInclude>
    <ClInclude Include="Third-Party\RapidJSON\include\rapidjson\internal\regex.h">
      <Filter>Third-Party\RapidJSON\internal</Filter>
    </ClInclude>
    <ClInclude Include="Third-Party\RapidJSON\include\rapidjson\internal\stack.h">
      <Filter>Third-Party\RapidJSON\internal</Filter>
    </ClInclude>
    <ClInclude Include="Third-Party\RapidJSON\include\rapidjson\internal\strfunc.h">
      <Filter>Third-Party\RapidJSON\internal</Filter>
    </ClInclude>
    <ClInclude Include="Third-Party\RapidJSON\include\rapidjson\internal\strtod.h">
      <Filter>Third-Party\RapidJSON\internal</Filter>
    </ClInclude>
    <ClInclude Include="Third-Party\RapidJSON\include\rapidjson\internal\swap.h">
      <Filter>Third-Party\RapidJSON\internal</Filter>
    </ClInclude>
    <ClInclude Include="Third-Party\RapidJSON\include\rapidjson\msinttypes\inttypes.h">
      <Filter>Third-Party\RapidJSON\msinttypes</Filter>
    </ClInclude>
    <ClInclude Include="Third-Party\RapidJSON\include\rapidjson\msinttypes\stdint.h">
      <Filter>Third-Party\RapidJSON\msinttypes</Filter>
    </ClInclude>
    <ClInclude Include="TSP_Application.h">
      <Filter>Header Files</Filter>
    </ClInclude>
    <ClInclude Include="TSP_GlobalSettings.h">
      <Filter>Header Files</Filter>
    </ClInclude>
    <ClInclude Include="Classes\Common\TSP_Buffer.h">
      <Filter>Header Files\Common</Filter>
    </ClInclude>
    <ClInclude Include="Classes\Common\TSP_Exception.h">
      <Filter>Header Files\Common</Filter>
    </ClInclude>
    <ClInclude Include="Classes\Common\TSP_FileBuffer.h">
      <Filter>Header Files\Common</Filter>
    </ClInclude>
    <ClInclude Include="Classes\Common\TSP_FileHelper.h">
      <Filter>Header Files\Common</Filter>
    </ClInclude>
    <ClInclude Include="Classes\Common\TSP_Logger.h">
      <Filter>Header Files\Common</Filter>
    </ClInclude>
    <ClInclude Include="Classes\Common\TSP_MemoryBuffer.h">
      <Filter>Header Files\Common</Filter>
    </ClInclude>
    <ClInclude Include="Classes\Common\TSP_StdFileBuffer.h">
      <Filter>Header Files\Common</Filter>
    </ClInclude>
    <ClInclude Include="Classes\Common\TSP_StringHelper.h">
      <Filter>Header Files\Common</Filter>
    </ClInclude>
    <ClInclude Include="Classes\Common\TSP_TimeHelper.h">
      <Filter>Header Files\Common</Filter>
    </ClInclude>
    <ClInclude Include="Classes\Common\TSP_Version.h">
      <Filter>Header Files\Common</Filter>
    </ClInclude>
    <ClInclude Include="Classes\Core\TSP_Attribute.h">
      <Filter>Header Files\Core</Filter>
    </ClInclude>
    <ClInclude Include="Classes\Core\TSP_Document.h">
      <Filter>Header Files\Core</Filter>
    </ClInclude>
    <ClInclude Include="Classes\Core\TSP_Page.h">
      <Filter>Header Files\Core</Filter>
    </ClInclude>
    <ClInclude Include="Classes\Common\TSP_JsonHelper.h">
      <Filter>Header Files\Common</Filter>
    </ClInclude>
    <ClInclude Include="Classes\Core\TSP_Atlas.h">
      <Filter>Header Files\Core</Filter>
    </ClInclude>
    <ClInclude Include="Third-Party\stduuid\include\uuid.h">
      <Filter>Third-Party\stduuid\include</Filter>
    </ClInclude>
    <ClInclude Include="Classes\Core\TSP_Activity.h">
      <Filter>Header Files\Core</Filter>
    </ClInclude>
    <ClInclude Include="Classes\Core\TSP_Box.h">
      <Filter>Header Files\Core</Filter>
    </ClInclude>
    <ClInclude Include="Classes\Core\TSP_Message.h">
      <Filter>Header Files\Core</Filter>
    </ClInclude>
    <ClInclude Include="Classes\Core\TSP_Component.h">
      <Filter>Header Files\Core</Filter>
    </ClInclude>
    <ClInclude Include="Classes\Core\TSP_Item.h">
      <Filter>Header Files\Core</Filter>
    </ClInclude>
    <ClInclude Include="Classes\QT\TSP_QmlActivity.h">
      <Filter>Header Files\Qt</Filter>
    </ClInclude>
    <ClInclude Include="Classes\QT\TSP_QmlPage.h">
      <Filter>Header Files\Qt</Filter>
    </ClInclude>
    <ClInclude Include="Classes\QT\TSP_QmlAtlas.h">
      <Filter>Header Files\Qt</Filter>
    </ClInclude>
    <ClInclude Include="Classes\QT\TSP_QmlDocument.h">
      <Filter>Header Files\Qt</Filter>
    </ClInclude>
    <ClInclude Include="Classes\Core\TSP_Link.h">
      <Filter>Header Files\Core</Filter>
    </ClInclude>
    <ClInclude Include="Classes\Qt\TSP_QmlProxyDictionary.h">
      <Filter>Header Files\Qt</Filter>
    </ClInclude>
    <ClInclude Include="Classes\Common\TSP_GlobalMacros.h">
      <Filter>Header Files\Common</Filter>
    </ClInclude>
  </ItemGroup>
  <ItemGroup>
    <Text Include="CodeConvention.txt">
      <Filter>Documents</Filter>
    </Text>
  </ItemGroup>
  <ItemGroup>
    <None Include="Resources\Images\PageBreak_Logo_Normal.svg">
      <Filter>Resource Files\Resources\Images</Filter>
    </None>
    <None Include="Resources\Images\PageBreak_Logo_Process.svg">
      <Filter>Resource Files\Resources\Images</Filter>
    </None>
    <None Include="Third-Party\stduuid\gsl\gsl">
      <Filter>Third-Party\stduuid\gsl</Filter>
    </None>
    <None Include="Third-Party\stduuid\gsl\gsl_algorithm">
      <Filter>Third-Party\stduuid\gsl</Filter>
    </None>
    <None Include="Third-Party\stduuid\gsl\gsl_assert">
      <Filter>Third-Party\stduuid\gsl</Filter>
    </None>
    <None Include="Third-Party\stduuid\gsl\gsl_byte">
      <Filter>Third-Party\stduuid\gsl</Filter>
    </None>
    <None Include="Third-Party\stduuid\gsl\gsl_util">
      <Filter>Third-Party\stduuid\gsl</Filter>
    </None>
    <None Include="Third-Party\stduuid\gsl\multi_span">
      <Filter>Third-Party\stduuid\gsl</Filter>
    </None>
    <None Include="Third-Party\stduuid\gsl\pointers">
      <Filter>Third-Party\stduuid\gsl</Filter>
    </None>
    <None Include="Third-Party\stduuid\gsl\span">
      <Filter>Third-Party\stduuid\gsl</Filter>
    </None>
    <None Include="Third-Party\stduuid\gsl\string_span">
      <Filter>Third-Party\stduuid\gsl</Filter>
    </None>
    <None Include="UI\TSP_Activity.qml">
      <Filter>Resource Files\UI</Filter>
    </None>
    <None Include="UI\TSP_AtlasView.qml">
      <Filter>Resource Files\UI</Filter>
    </None>
    <None Include="UI\TSP_Box.qml">
      <Filter>Resource Files\UI</Filter>
    </None>
    <None Include="UI\TSP_Connector.qml">
      <Filter>Resource Files\UI</Filter>
    </None>
    <None Include="UI\TSP_DocumentView.qml">
      <Filter>Resource Files\UI</Filter>
    </None>
    <None Include="UI\TSP_End.qml">
      <Filter>Resource Files\UI</Filter>
    </None>
    <None Include="UI\TSP_Handle.qml">
      <Filter>Resource Files\UI</Filter>
    </None>
    <None Include="UI\TSP_HandleControl.qml">
      <Filter>Resource Files\UI</Filter>
    </None>
    <None Include="UI\TSP_Link.qml">
      <Filter>Resource Files\UI</Filter>
    </None>
    <None Include="UI\TSP_Main.qml">
      <Filter>Resource Files\UI</Filter>
    </None>
    <None Include="UI\TSP_Message.qml">
      <Filter>Resource Files\UI</Filter>
    </None>
    <None Include="UI\TSP_PageBreak.qml">
      <Filter>Resource Files\UI</Filter>
    </None>
    <None Include="UI\TSP_PageView.qml">
      <Filter>Resource Files\UI</Filter>
    </None>
    <None Include="UI\TSP_Process.qml">
      <Filter>Resource Files\UI</Filter>
    </None>
    <None Include="UI\TSP_Start.qml">
      <Filter>Resource Files\UI</Filter>
    </None>
    <None Include="UI\js\TSP_JSHelper.js">
      <Filter>Resource Files\UI\js</Filter>
    </None>
    <None Include="UI\TSP_SymbolPageView.qml">
      <Filter>Resource Files\UI</Filter>
    </None>
    <None Include="UI\TSP_Styles.qml">
      <Filter>Resource Files\UI</Filter>
    </None>
    <None Include="UI\qmldir">
      <Filter>Resource Files\UI</Filter>
    </None>
    <None Include="Resources\Images\Page.svg">
      <Filter>Resource Files\Resources\Images</Filter>
    </None>
    <None Include="UI\TSP_PageListView.qml">
      <Filter>Resource Files\UI</Filter>
    </None>
  </ItemGroup>
  <ItemGroup>
    <QtMoc Include="TSP_MainFormModel.h">
      <Filter>Header Files</Filter>
    </QtMoc>
    <QtMoc Include="Classes\Qt\TSP_QmlDocumentModel.h">
      <Filter>Header Files\Qt</Filter>
    </QtMoc>
    <QtMoc Include="Classes\Qt\TSP_QmlBoxProxy.h">
      <Filter>Header Files\Qt</Filter>
    </QtMoc>
    <QtMoc Include="Classes\Qt\TSP_QmlLinkProxy.h">
      <Filter>Header Files\Qt</Filter>
    </QtMoc>
    <QtMoc Include="Classes\Qt\TSP_QmlPageProxy.h">
      <Filter>Header Files\Qt</Filter>
    </QtMoc>
    <QtMoc Include="Classes\Qt\TSP_QmlProxy.h">
      <Filter>Header Files\Qt</Filter>
    </QtMoc>
    <QtMoc Include="Classes\Qt\TSP_QmlAtlasProxy.h">
      <Filter>Header Files\Qt</Filter>
    </QtMoc>
    <QtMoc Include="TSP_PageListModel.h">
      <Filter>Header Files</Filter>
    </QtMoc>
  </ItemGroup>
</Project>